
Microsoft Visual Studio Solution File, Format Version 12.00
# Visual Studio 2012
Project("{E24C65DC-7377-472B-9ABA-BC803B73C61A}") = "csc515project5Contacts", "..\..\WebSites\csc515project5Contacts\", "{71429E1F-6E7A-4952-B0D0-D896773FBD45}"
	ProjectSection(WebsiteProperties) = preProject
		TargetFrameworkMoniker = ".NETFramework,Version%3Dv4.5"
		Debug.AspNetCompiler.VirtualPath = "/csc515project5Contacts"
		Debug.AspNetCompiler.PhysicalPath = "..\..\WebSites\csc515project5Contacts\"
		Debug.AspNetCompiler.TargetPath = "PrecompiledWeb\csc515project5Contacts\"
		Debug.AspNetCompiler.Updateable = "true"
		Debug.AspNetCompiler.ForceOverwrite = "true"
		Debug.AspNetCompiler.FixedNames = "false"
		Debug.AspNetCompiler.Debug = "True"
		Release.AspNetCompiler.VirtualPath = "/csc515project5Contacts"
		Release.AspNetCompiler.PhysicalPath = "..\..\WebSites\csc515project5Contacts\"
		Release.AspNetCompiler.TargetPath = "PrecompiledWeb\csc515project5Contacts\"
		Release.AspNetCompiler.Updateable = "true"
		Release.AspNetCompiler.ForceOverwrite = "true"
		Release.AspNetCompiler.FixedNames = "false"
		Release.AspNetCompiler.Debug = "False"
		VWDPort = "54803"
		DefaultWebSiteLanguage = "Visual C#"
	EndProjectSection
EndProject
Global
	GlobalSection(SolutionConfigurationPlatforms) = preSolution
		Debug|Any CPU = Debug|Any CPU
	EndGlobalSection
	GlobalSection(ProjectConfigurationPlatforms) = postSolution
		{71429E1F-6E7A-4952-B0D0-D896773FBD45}.Debug|Any CPU.ActiveCfg = Debug|Any CPU
		{71429E1F-6E7A-4952-B0D0-D896773FBD45}.Debug|Any CPU.Build.0 = Debug|Any CPU
		{71429E1F-6E7A-4952-B0D0-D896773FBD45}.Debug|Any CPU.Deploy.0 = Debug|Any CPU
	EndGlobalSection
	GlobalSection(SolutionProperties) = preSolution
		HideSolutionNode = FALSE
	EndGlobalSection
EndGlobal
