
Microsoft Visual Studio Solution File, Format Version 12.00
# Visual Studio 2012
Project("{FAE04EC0-301F-11D3-BF4B-00C04F79EFBC}") = "MvcApplication1", "MvcApplication1\MvcApplication1.csproj", "{378FB28D-B2C2-49DA-B65E-9CFB64DD6F70}"
EndProject
Project("{FAE04EC0-301F-11D3-BF4B-00C04F79EFBC}") = "cac615p4_part1", "..\cac615p4_part1\cac615p4_part1\cac615p4_part1.csproj", "{BB1D1D73-B1EA-4FFB-BB31-80FEAD8F157A}"
EndProject
Project("{FAE04EC0-301F-11D3-BF4B-00C04F79EFBC}") = "WebApplication7", "..\WebAPIWebApplication7\WebApplication7\WebApplication7.csproj", "{BBAEF7DD-8AFB-4B6D-AABF-57F8B1C43FA3}"
EndProject
Global
	GlobalSection(SolutionConfigurationPlatforms) = preSolution
		Debug|Any CPU = Debug|Any CPU
		Release|Any CPU = Release|Any CPU
	EndGlobalSection
	GlobalSection(ProjectConfigurationPlatforms) = postSolution
		{378FB28D-B2C2-49DA-B65E-9CFB64DD6F70}.Debug|Any CPU.ActiveCfg = Debug|Any CPU
		{378FB28D-B2C2-49DA-B65E-9CFB64DD6F70}.Debug|Any CPU.Build.0 = Debug|Any CPU
		{378FB28D-B2C2-49DA-B65E-9CFB64DD6F70}.Release|Any CPU.ActiveCfg = Release|Any CPU
		{378FB28D-B2C2-49DA-B65E-9CFB64DD6F70}.Release|Any CPU.Build.0 = Release|Any CPU
		{BB1D1D73-B1EA-4FFB-BB31-80FEAD8F157A}.Debug|Any CPU.ActiveCfg = Debug|Any CPU
		{BB1D1D73-B1EA-4FFB-BB31-80FEAD8F157A}.Debug|Any CPU.Build.0 = Debug|Any CPU
		{BB1D1D73-B1EA-4FFB-BB31-80FEAD8F157A}.Release|Any CPU.ActiveCfg = Release|Any CPU
		{BB1D1D73-B1EA-4FFB-BB31-80FEAD8F157A}.Release|Any CPU.Build.0 = Release|Any CPU
		{BBAEF7DD-8AFB-4B6D-AABF-57F8B1C43FA3}.Debug|Any CPU.ActiveCfg = Debug|Any CPU
		{BBAEF7DD-8AFB-4B6D-AABF-57F8B1C43FA3}.Debug|Any CPU.Build.0 = Debug|Any CPU
		{BBAEF7DD-8AFB-4B6D-AABF-57F8B1C43FA3}.Release|Any CPU.ActiveCfg = Release|Any CPU
		{BBAEF7DD-8AFB-4B6D-AABF-57F8B1C43FA3}.Release|Any CPU.Build.0 = Release|Any CPU
	EndGlobalSection
	GlobalSection(SolutionProperties) = preSolution
		HideSolutionNode = FALSE
	EndGlobalSection
EndGlobal
